// !$*UTF8*$!
{
	archiveVersion = 1;
	classes = {
	};
	objectVersion = 56;
	objects = {

/* Begin PBXBuildFile section */
		0D71807928F8C67600E55BC1 /* Page1Model.swift in Sources */ = {isa = PBXBuildFile; fileRef = 0D71806F28F8C67500E55BC1 /* Page1Model.swift */; };
		0D71807A28F8C67600E55BC1 /* Page1ViewModel.swift in Sources */ = {isa = PBXBuildFile; fileRef = 0D71807028F8C67500E55BC1 /* Page1ViewModel.swift */; };
		0D71807B28F8C67600E55BC1 /* Page1View.swift in Sources */ = {isa = PBXBuildFile; fileRef = 0D71807128F8C67500E55BC1 /* Page1View.swift */; };
		0D71807C28F8C67600E55BC1 /* Page2View.swift in Sources */ = {isa = PBXBuildFile; fileRef = 0D71807328F8C67500E55BC1 /* Page2View.swift */; };
		0D71807D28F8C67600E55BC1 /* Page2ViewModel.swift in Sources */ = {isa = PBXBuildFile; fileRef = 0D71807428F8C67500E55BC1 /* Page2ViewModel.swift */; };
		0D71807E28F8C67600E55BC1 /* Page2Model.swift in Sources */ = {isa = PBXBuildFile; fileRef = 0D71807528F8C67500E55BC1 /* Page2Model.swift */; };
		0D71807F28F8C67600E55BC1 /* Page3View.swift in Sources */ = {isa = PBXBuildFile; fileRef = 0D71807728F8C67600E55BC1 /* Page3View.swift */; };
		0D71808028F8C67600E55BC1 /* Page3ViewModel.swift in Sources */ = {isa = PBXBuildFile; fileRef = 0D71807828F8C67600E55BC1 /* Page3ViewModel.swift */; };
		0D75DF1628F8B8080032B14A /* NavigatorApp.swift in Sources */ = {isa = PBXBuildFile; fileRef = 0D75DF1528F8B8080032B14A /* NavigatorApp.swift */; };
		0D75DF1A28F8B80A0032B14A /* Assets.xcassets in Resources */ = {isa = PBXBuildFile; fileRef = 0D75DF1928F8B80A0032B14A /* Assets.xcassets */; };
		0D75DF1E28F8B80A0032B14A /* Preview Assets.xcassets in Resources */ = {isa = PBXBuildFile; fileRef = 0D75DF1D28F8B80A0032B14A /* Preview Assets.xcassets */; };
		0D75DF2728F8B84E0032B14A /* SectionContainerView.swift in Sources */ = {isa = PBXBuildFile; fileRef = 0D75DF2628F8B84E0032B14A /* SectionContainerView.swift */; };
		0D75DF2928F8B8550032B14A /* SectionContainerViewModel.swift in Sources */ = {isa = PBXBuildFile; fileRef = 0D75DF2828F8B8550032B14A /* SectionContainerViewModel.swift */; };
/* End PBXBuildFile section */

/* Begin PBXFileReference section */
		0D71806F28F8C67500E55BC1 /* Page1Model.swift */ = {isa = PBXFileReference; fileEncoding = 4; lastKnownFileType = sourcecode.swift; path = Page1Model.swift; sourceTree = "<group>"; };
		0D71807028F8C67500E55BC1 /* Page1ViewModel.swift */ = {isa = PBXFileReference; fileEncoding = 4; lastKnownFileType = sourcecode.swift; path = Page1ViewModel.swift; sourceTree = "<group>"; };
		0D71807128F8C67500E55BC1 /* Page1View.swift */ = {isa = PBXFileReference; fileEncoding = 4; lastKnownFileType = sourcecode.swift; path = Page1View.swift; sourceTree = "<group>"; };
		0D71807328F8C67500E55BC1 /* Page2View.swift */ = {isa = PBXFileReference; fileEncoding = 4; lastKnownFileType = sourcecode.swift; path = Page2View.swift; sourceTree = "<group>"; };
		0D71807428F8C67500E55BC1 /* Page2ViewModel.swift */ = {isa = PBXFileReference; fileEncoding = 4; lastKnownFileType = sourcecode.swift; path = Page2ViewModel.swift; sourceTree = "<group>"; };
		0D71807528F8C67500E55BC1 /* Page2Model.swift */ = {isa = PBXFileReference; fileEncoding = 4; lastKnownFileType = sourcecode.swift; path = Page2Model.swift; sourceTree = "<group>"; };
		0D71807728F8C67600E55BC1 /* Page3View.swift */ = {isa = PBXFileReference; fileEncoding = 4; lastKnownFileType = sourcecode.swift; path = Page3View.swift; sourceTree = "<group>"; };
		0D71807828F8C67600E55BC1 /* Page3ViewModel.swift */ = {isa = PBXFileReference; fileEncoding = 4; lastKnownFileType = sourcecode.swift; path = Page3ViewModel.swift; sourceTree = "<group>"; };
		0D75DF1228F8B8080032B14A /* Navigator.app */ = {isa = PBXFileReference; explicitFileType = wrapper.application; includeInIndex = 0; path = Navigator.app; sourceTree = BUILT_PRODUCTS_DIR; };
		0D75DF1528F8B8080032B14A /* NavigatorApp.swift */ = {isa = PBXFileReference; lastKnownFileType = sourcecode.swift; path = NavigatorApp.swift; sourceTree = "<group>"; };
		0D75DF1928F8B80A0032B14A /* Assets.xcassets */ = {isa = PBXFileReference; lastKnownFileType = folder.assetcatalog; path = Assets.xcassets; sourceTree = "<group>"; };
		0D75DF1B28F8B80A0032B14A /* Navigator.entitlements */ = {isa = PBXFileReference; lastKnownFileType = text.plist.entitlements; path = Navigator.entitlements; sourceTree = "<group>"; };
		0D75DF1D28F8B80A0032B14A /* Preview Assets.xcassets */ = {isa = PBXFileReference; lastKnownFileType = folder.assetcatalog; path = "Preview Assets.xcassets"; sourceTree = "<group>"; };
		0D75DF2628F8B84E0032B14A /* SectionContainerView.swift */ = {isa = PBXFileReference; lastKnownFileType = sourcecode.swift; path = SectionContainerView.swift; sourceTree = "<group>"; };
		0D75DF2828F8B8550032B14A /* SectionContainerViewModel.swift */ = {isa = PBXFileReference; lastKnownFileType = sourcecode.swift; path = SectionContainerViewModel.swift; sourceTree = "<group>"; };
/* End PBXFileReference section */

/* Begin PBXFrameworksBuildPhase section */
		0D75DF0F28F8B8080032B14A /* Frameworks */ = {
			isa = PBXFrameworksBuildPhase;
			buildActionMask = 2147483647;
			files = (
			);
			runOnlyForDeploymentPostprocessing = 0;
		};
/* End PBXFrameworksBuildPhase section */

/* Begin PBXGroup section */
		0D71806E28F8C67500E55BC1 /* Page1 */ = {
			isa = PBXGroup;
			children = (
				0D71806F28F8C67500E55BC1 /* Page1Model.swift */,
				0D71807128F8C67500E55BC1 /* Page1View.swift */,
				0D71807028F8C67500E55BC1 /* Page1ViewModel.swift */,
			);
			path = Page1;
			sourceTree = "<group>";
		};
		0D71807228F8C67500E55BC1 /* Page2 */ = {
			isa = PBXGroup;
			children = (
				0D71807528F8C67500E55BC1 /* Page2Model.swift */,
				0D71807328F8C67500E55BC1 /* Page2View.swift */,
				0D71807428F8C67500E55BC1 /* Page2ViewModel.swift */,
			);
			path = Page2;
			sourceTree = "<group>";
		};
		0D71807628F8C67600E55BC1 /* Page3 */ = {
			isa = PBXGroup;
			children = (
				0D71807728F8C67600E55BC1 /* Page3View.swift */,
				0D71807828F8C67600E55BC1 /* Page3ViewModel.swift */,
			);
			path = Page3;
			sourceTree = "<group>";
		};
		0D75DF0928F8B8080032B14A = {
			isa = PBXGroup;
			children = (
				0D75DF1428F8B8080032B14A /* Navigator */,
				0D75DF1328F8B8080032B14A /* Products */,
			);
			sourceTree = "<group>";
		};
		0D75DF1328F8B8080032B14A /* Products */ = {
			isa = PBXGroup;
			children = (
				0D75DF1228F8B8080032B14A /* Navigator.app */,
			);
			name = Products;
			sourceTree = "<group>";
		};
		0D75DF1428F8B8080032B14A /* Navigator */ = {
			isa = PBXGroup;
			children = (
				0D75DF1528F8B8080032B14A /* NavigatorApp.swift */,
				0D75DF2628F8B84E0032B14A /* SectionContainerView.swift */,
				0D75DF2828F8B8550032B14A /* SectionContainerViewModel.swift */,
				0D71806E28F8C67500E55BC1 /* Page1 */,
				0D71807228F8C67500E55BC1 /* Page2 */,
				0D71807628F8C67600E55BC1 /* Page3 */,
				0D75DF1928F8B80A0032B14A /* Assets.xcassets */,
				0D75DF1B28F8B80A0032B14A /* Navigator.entitlements */,
				0D75DF1C28F8B80A0032B14A /* Preview Content */,
			);
			path = Navigator;
			sourceTree = "<group>";
		};
		0D75DF1C28F8B80A0032B14A /* Preview Content */ = {
			isa = PBXGroup;
			children = (
				0D75DF1D28F8B80A0032B14A /* Preview Assets.xcassets */,
			);
			path = "Preview Content";
			sourceTree = "<group>";
		};
/* End PBXGroup section */

/* Begin PBXNativeTarget section */
		0D75DF1128F8B8080032B14A /* Navigator */ = {
			isa = PBXNativeTarget;
			buildConfigurationList = 0D75DF2128F8B80A0032B14A /* Build configuration list for PBXNativeTarget "Navigator" */;
			buildPhases = (
				0D75DF0E28F8B8080032B14A /* Sources */,
				0D75DF0F28F8B8080032B14A /* Frameworks */,
				0D75DF1028F8B8080032B14A /* Resources */,
			);
			buildRules = (
			);
			dependencies = (
			);
			name = Navigator;
			productName = Navigator;
			productReference = 0D75DF1228F8B8080032B14A /* Navigator.app */;
			productType = "com.apple.product-type.application";
		};
/* End PBXNativeTarget section */

/* Begin PBXProject section */
		0D75DF0A28F8B8080032B14A /* Project object */ = {
			isa = PBXProject;
			attributes = {
				BuildIndependentTargetsInParallel = 1;
				LastSwiftUpdateCheck = 1400;
				LastUpgradeCheck = 1400;
				TargetAttributes = {
					0D75DF1128F8B8080032B14A = {
						CreatedOnToolsVersion = 14.0.1;
					};
				};
			};
			buildConfigurationList = 0D75DF0D28F8B8080032B14A /* Build configuration list for PBXProject "Navigator" */;
			compatibilityVersion = "Xcode 14.0";
			developmentRegion = en;
			hasScannedForEncodings = 0;
			knownRegions = (
				en,
				Base,
			);
			mainGroup = 0D75DF0928F8B8080032B14A;
			productRefGroup = 0D75DF1328F8B8080032B14A /* Products */;
			projectDirPath = "";
			projectRoot = "";
			targets = (
				0D75DF1128F8B8080032B14A /* Navigator */,
			);
		};
/* End PBXProject section */

/* Begin PBXResourcesBuildPhase section */
		0D75DF1028F8B8080032B14A /* Resources */ = {
			isa = PBXResourcesBuildPhase;
			buildActionMask = 2147483647;
			files = (
				0D75DF1E28F8B80A0032B14A /* Preview Assets.xcassets in Resources */,
				0D75DF1A28F8B80A0032B14A /* Assets.xcassets in Resources */,
			);
			runOnlyForDeploymentPostprocessing = 0;
		};
/* End PBXResourcesBuildPhase section */

/* Begin PBXSourcesBuildPhase section */
		0D75DF0E28F8B8080032B14A /* Sources */ = {
			isa = PBXSourcesBuildPhase;
			buildActionMask = 2147483647;
			files = (
				0D75DF1628F8B8080032B14A /* NavigatorApp.swift in Sources */,
				0D75DF2928F8B8550032B14A /* SectionContainerViewModel.swift in Sources */,
				0D71807A28F8C67600E55BC1 /* Page1ViewModel.swift in Sources */,
				0D75DF2728F8B84E0032B14A /* SectionContainerView.swift in Sources */,
				0D71808028F8C67600E55BC1 /* Page3ViewModel.swift in Sources */,
				0D71807C28F8C67600E55BC1 /* Page2View.swift in Sources */,
				0D71807D28F8C67600E55BC1 /* Page2ViewModel.swift in Sources */,
				0D71807E28F8C67600E55BC1 /* Page2Model.swift in Sources */,
				0D71807928F8C67600E55BC1 /* Page1Model.swift in Sources */,
				0D71807F28F8C67600E55BC1 /* Page3View.swift in Sources */,
				0D71807B28F8C67600E55BC1 /* Page1View.swift in Sources */,
			);
			runOnlyForDeploymentPostprocessing = 0;
		};
/* End PBXSourcesBuildPhase section */

/* Begin XCBuildConfiguration section */
		0D75DF1F28F8B80A0032B14A /* Debug */ = {
			isa = XCBuildConfiguration;
			buildSettings = {
				ALWAYS_SEARCH_USER_PATHS = NO;
				CLANG_ANALYZER_NONNULL = YES;
				CLANG_ANALYZER_NUMBER_OBJECT_CONVERSION = YES_AGGRESSIVE;
				CLANG_CXX_LANGUAGE_STANDARD = "gnu++20";
				CLANG_ENABLE_MODULES = YES;
				CLANG_ENABLE_OBJC_ARC = YES;
				CLANG_ENABLE_OBJC_WEAK = YES;
				CLANG_WARN_BLOCK_CAPTURE_AUTORELEASING = YES;
				CLANG_WARN_BOOL_CONVERSION = YES;
				CLANG_WARN_COMMA = YES;
				CLANG_WARN_CONSTANT_CONVERSION = YES;
				CLANG_WARN_DEPRECATED_OBJC_IMPLEMENTATIONS = YES;
				CLANG_WARN_DIRECT_OBJC_ISA_USAGE = YES_ERROR;
				CLANG_WARN_DOCUMENTATION_COMMENTS = YES;
				CLANG_WARN_EMPTY_BODY = YES;
				CLANG_WARN_ENUM_CONVERSION = YES;
				CLANG_WARN_INFINITE_RECURSION = YES;
				CLANG_WARN_INT_CONVERSION = YES;
				CLANG_WARN_NON_LITERAL_NULL_CONVERSION = YES;
				CLANG_WARN_OBJC_IMPLICIT_RETAIN_SELF = YES;
				CLANG_WARN_OBJC_LITERAL_CONVERSION = YES;
				CLANG_WARN_OBJC_ROOT_CLASS = YES_ERROR;
				CLANG_WARN_QUOTED_INCLUDE_IN_FRAMEWORK_HEADER = YES;
				CLANG_WARN_RANGE_LOOP_ANALYSIS = YES;
				CLANG_WARN_STRICT_PROTOTYPES = YES;
				CLANG_WARN_SUSPICIOUS_MOVE = YES;
				CLANG_WARN_UNGUARDED_AVAILABILITY = YES_AGGRESSIVE;
				CLANG_WARN_UNREACHABLE_CODE = YES;
				CLANG_WARN__DUPLICATE_METHOD_MATCH = YES;
				COPY_PHASE_STRIP = NO;
				DEBUG_INFORMATION_FORMAT = dwarf;
				ENABLE_STRICT_OBJC_MSGSEND = YES;
				ENABLE_TESTABILITY = YES;
				GCC_C_LANGUAGE_STANDARD = gnu11;
				GCC_DYNAMIC_NO_PIC = NO;
				GCC_NO_COMMON_BLOCKS = YES;
				GCC_OPTIMIZATION_LEVEL = 0;
				GCC_PREPROCESSOR_DEFINITIONS = (
					"DEBUG=1",
					"$(inherited)",
				);
				GCC_WARN_64_TO_32_BIT_CONVERSION = YES;
				GCC_WARN_ABOUT_RETURN_TYPE = YES_ERROR;
				GCC_WARN_UNDECLARED_SELECTOR = YES;
				GCC_WARN_UNINITIALIZED_AUTOS = YES_AGGRESSIVE;
				GCC_WARN_UNUSED_FUNCTION = YES;
				GCC_WARN_UNUSED_VARIABLE = YES;
				MTL_ENABLE_DEBUG_INFO = INCLUDE_SOURCE;
				MTL_FAST_MATH = YES;
				ONLY_ACTIVE_ARCH = YES;
				SWIFT_ACTIVE_COMPILATION_CONDITIONS = DEBUG;
				SWIFT_OPTIMIZATION_LEVEL = "-Onone";
			};
			name = Debug;
		};
		0D75DF2028F8B80A0032B14A /* Release */ = {
			isa = XCBuildConfiguration;
			buildSettings = {
				ALWAYS_SEARCH_USER_PATHS = NO;
				CLANG_ANALYZER_NONNULL = YES;
				CLANG_ANALYZER_NUMBER_OBJECT_CONVERSION = YES_AGGRESSIVE;
				CLANG_CXX_LANGUAGE_STANDARD = "gnu++20";
				CLANG_ENABLE_MODULES = YES;
				CLANG_ENABLE_OBJC_ARC = YES;
				CLANG_ENABLE_OBJC_WEAK = YES;
				CLANG_WARN_BLOCK_CAPTURE_AUTORELEASING = YES;
				CLANG_WARN_BOOL_CONVERSION = YES;
				CLANG_WARN_COMMA = YES;
				CLANG_WARN_CONSTANT_CONVERSION = YES;
				CLANG_WARN_DEPRECATED_OBJC_IMPLEMENTATIONS = YES;
				CLANG_WARN_DIRECT_OBJC_ISA_USAGE = YES_ERROR;
				CLANG_WARN_DOCUMENTATION_COMMENTS = YES;
				CLANG_WARN_EMPTY_BODY = YES;
				CLANG_WARN_ENUM_CONVERSION = YES;
				CLANG_WARN_INFINITE_RECURSION = YES;
				CLANG_WARN_INT_CONVERSION = YES;
				CLANG_WARN_NON_LITERAL_NULL_CONVERSION = YES;
				CLANG_WARN_OBJC_IMPLICIT_RETAIN_SELF = YES;
				CLANG_WARN_OBJC_LITERAL_CONVERSION = YES;
				CLANG_WARN_OBJC_ROOT_CLASS = YES_ERROR;
				CLANG_WARN_QUOTED_INCLUDE_IN_FRAMEWORK_HEADER = YES;
				CLANG_WARN_RANGE_LOOP_ANALYSIS = YES;
				CLANG_WARN_STRICT_PROTOTYPES = YES;
				CLANG_WARN_SUSPICIOUS_MOVE = YES;
				CLANG_WARN_UNGUARDED_AVAILABILITY = YES_AGGRESSIVE;
				CLANG_WARN_UNREACHABLE_CODE = YES;
				CLANG_WARN__DUPLICATE_METHOD_MATCH = YES;
				COPY_PHASE_STRIP = NO;
				DEBUG_INFORMATION_FORMAT = "dwarf-with-dsym";
				ENABLE_NS_ASSERTIONS = NO;
				ENABLE_STRICT_OBJC_MSGSEND = YES;
				GCC_C_LANGUAGE_STANDARD = gnu11;
				GCC_NO_COMMON_BLOCKS = YES;
				GCC_WARN_64_TO_32_BIT_CONVERSION = YES;
				GCC_WARN_ABOUT_RETURN_TYPE = YES_ERROR;
				GCC_WARN_UNDECLARED_SELECTOR = YES;
				GCC_WARN_UNINITIALIZED_AUTOS = YES_AGGRESSIVE;
				GCC_WARN_UNUSED_FUNCTION = YES;
				GCC_WARN_UNUSED_VARIABLE = YES;
				MTL_ENABLE_DEBUG_INFO = NO;
				MTL_FAST_MATH = YES;
				SWIFT_COMPILATION_MODE = wholemodule;
				SWIFT_OPTIMIZATION_LEVEL = "-O";
			};
			name = Release;
		};
		0D75DF2228F8B80A0032B14A /* Debug */ = {
			isa = XCBuildConfiguration;
			buildSettings = {
				ASSETCATALOG_COMPILER_APPICON_NAME = AppIcon;
				ASSETCATALOG_COMPILER_GLOBAL_ACCENT_COLOR_NAME = AccentColor;
				CODE_SIGN_ENTITLEMENTS = Navigator/Navigator.entitlements;
				CODE_SIGN_STYLE = Automatic;
				CURRENT_PROJECT_VERSION = 1;
				DEVELOPMENT_ASSET_PATHS = "\"Navigator/Preview Content\"";
				ENABLE_PREVIEWS = YES;
				GENERATE_INFOPLIST_FILE = YES;
				"INFOPLIST_KEY_UIApplicationSceneManifest_Generation[sdk=iphoneos*]" = YES;
				"INFOPLIST_KEY_UIApplicationSceneManifest_Generation[sdk=iphonesimulator*]" = YES;
				"INFOPLIST_KEY_UIApplicationSupportsIndirectInputEvents[sdk=iphoneos*]" = YES;
				"INFOPLIST_KEY_UIApplicationSupportsIndirectInputEvents[sdk=iphonesimulator*]" = YES;
				"INFOPLIST_KEY_UILaunchScreen_Generation[sdk=iphoneos*]" = YES;
				"INFOPLIST_KEY_UILaunchScreen_Generation[sdk=iphonesimulator*]" = YES;
				"INFOPLIST_KEY_UIStatusBarStyle[sdk=iphoneos*]" = UIStatusBarStyleDefault;
				"INFOPLIST_KEY_UIStatusBarStyle[sdk=iphonesimulator*]" = UIStatusBarStyleDefault;
				INFOPLIST_KEY_UISupportedInterfaceOrientations_iPad = "UIInterfaceOrientationPortrait UIInterfaceOrientationPortraitUpsideDown UIInterfaceOrientationLandscapeLeft UIInterfaceOrientationLandscapeRight";
				INFOPLIST_KEY_UISupportedInterfaceOrientations_iPhone = "UIInterfaceOrientationPortrait UIInterfaceOrientationLandscapeLeft UIInterfaceOrientationLandscapeRight";
				IPHONEOS_DEPLOYMENT_TARGET = 16.0;
				LD_RUNPATH_SEARCH_PATHS = "@executable_path/Frameworks";
				"LD_RUNPATH_SEARCH_PATHS[sdk=macosx*]" = "@executable_path/../Frameworks";
				MACOSX_DEPLOYMENT_TARGET = 12.3;
				MARKETING_VERSION = 1.0;
				PRODUCT_BUNDLE_IDENTIFIER = com.eit.swiftui.navigator.Navigator;
				PRODUCT_NAME = "$(TARGET_NAME)";
				SDKROOT = auto;
				SUPPORTED_PLATFORMS = "iphoneos iphonesimulator macosx";
				SWIFT_EMIT_LOC_STRINGS = YES;
				SWIFT_VERSION = 5.0;
				TARGETED_DEVICE_FAMILY = "1,2";
			};
			name = Debug;
		};
		0D75DF2328F8B80A0032B14A /* Release */ = {
			isa = XCBuildConfiguration;
			buildSettings = {
				ASSETCATALOG_COMPILER_APPICON_NAME = AppIcon;
				ASSETCATALOG_COMPILER_GLOBAL_ACCENT_COLOR_NAME = AccentColor;
				CODE_SIGN_ENTITLEMENTS = Navigator/Navigator.entitlements;
				CODE_SIGN_STYLE = Automatic;
				CURRENT_PROJECT_VERSION = 1;
				DEVELOPMENT_ASSET_PATHS = "\"Navigator/Preview Content\"";
				ENABLE_PREVIEWS = YES;
				GENERATE_INFOPLIST_FILE = YES;
				"INFOPLIST_KEY_UIApplicationSceneManifest_Generation[sdk=iphoneos*]" = YES;
				"INFOPLIST_KEY_UIApplicationSceneManifest_Generation[sdk=iphonesimulator*]" = YES;
				"INFOPLIST_KEY_UIApplicationSupportsIndirectInputEvents[sdk=iphoneos*]" = YES;
				"INFOPLIST_KEY_UIApplicationSupportsIndirectInputEvents[sdk=iphonesimulator*]" = YES;
				"INFOPLIST_KEY_UILaunchScreen_Generation[sdk=iphoneos*]" = YES;
				"INFOPLIST_KEY_UILaunchScreen_Generation[sdk=iphonesimulator*]" = YES;
				"INFOPLIST_KEY_UIStatusBarStyle[sdk=iphoneos*]" = UIStatusBarStyleDefault;
				"INFOPLIST_KEY_UIStatusBarStyle[sdk=iphonesimulator*]" = UIStatusBarStyleDefault;
				INFOPLIST_KEY_UISupportedInterfaceOrientations_iPad = "UIInterfaceOrientationPortrait UIInterfaceOrientationPortraitUpsideDown UIInterfaceOrientationLandscapeLeft UIInterfaceOrientationLandscapeRight";
				INFOPLIST_KEY_UISupportedInterfaceOrientations_iPhone = "UIInterfaceOrientationPortrait UIInterfaceOrientationLandscapeLeft UIInterfaceOrientationLandscapeRight";
				IPHONEOS_DEPLOYMENT_TARGET = 16.0;
				LD_RUNPATH_SEARCH_PATHS = "@executable_path/Frameworks";
				"LD_RUNPATH_SEARCH_PATHS[sdk=macosx*]" = "@executable_path/../Frameworks";
				MACOSX_DEPLOYMENT_TARGET = 12.3;
				MARKETING_VERSION = 1.0;
				PRODUCT_BUNDLE_IDENTIFIER = com.eit.swiftui.navigator.Navigator;
				PRODUCT_NAME = "$(TARGET_NAME)";
				SDKROOT = auto;
				SUPPORTED_PLATFORMS = "iphoneos iphonesimulator macosx";
				SWIFT_EMIT_LOC_STRINGS = YES;
				SWIFT_VERSION = 5.0;
				TARGETED_DEVICE_FAMILY = "1,2";
			};
			name = Release;
		};
/* End XCBuildConfiguration section */

/* Begin XCConfigurationList section */
		0D75DF0D28F8B8080032B14A /* Build configuration list for PBXProject "Navigator" */ = {
			isa = XCConfigurationList;
			buildConfigurations = (
				0D75DF1F28F8B80A0032B14A /* Debug */,
				0D75DF2028F8B80A0032B14A /* Release */,
			);
			defaultConfigurationIsVisible = 0;
			defaultConfigurationName = Release;
		};
		0D75DF2128F8B80A0032B14A /* Build configuration list for PBXNativeTarget "Navigator" */ = {
			isa = XCConfigurationList;
			buildConfigurations = (
				0D75DF2228F8B80A0032B14A /* Debug */,
				0D75DF2328F8B80A0032B14A /* Release */,
			);
			defaultConfigurationIsVisible = 0;
			defaultConfigurationName = Release;
		};
/* End XCConfigurationList section */
	};
	rootObject = 0D75DF0A28F8B8080032B14A /* Project object */;
}
